
Microsoft Visual Studio Solution File, Format Version 12.00
# Visual Studio Version 17
VisualStudioVersion = 17.3.32929.385
MinimumVisualStudioVersion = 10.0.40219.1
Project("{FAE04EC0-301F-11D3-BF4B-00C04F79EFBC}") = "Calculator", "Calculator\Calculator.csproj", "{4839B1FB-7CE7-4480-9D84-BB9E8D0869A8}"
EndProject
Global
	GlobalSection(SolutionConfigurationPlatforms) = preSolution
		Debug|Any CPU = Debug|Any CPU
		Release|Any CPU = Release|Any CPU
	EndGlobalSection
	GlobalSection(ProjectConfigurationPlatforms) = postSolution
		{4839B1FB-7CE7-4480-9D84-BB9E8D0869A8}.Debug|Any CPU.ActiveCfg = Debug|Any CPU
		{4839B1FB-7CE7-4480-9D84-BB9E8D0869A8}.Debug|Any CPU.Build.0 = Debug|Any CPU
		{4839B1FB-7CE7-4480-9D84-BB9E8D0869A8}.Release|Any CPU.ActiveCfg = Release|Any CPU
		{4839B1FB-7CE7-4480-9D84-BB9E8D0869A8}.Release|Any CPU.Build.0 = Release|Any CPU
	EndGlobalSection
	GlobalSection(SolutionProperties) = preSolution
		HideSolutionNode = FALSE
	EndGlobalSection
	GlobalSection(ExtensibilityGlobals) = postSolution
		SolutionGuid = {D07276BE-36F4-4F61-B217-E9666DA9E54B}
	EndGlobalSection
EndGlobal
